
Microsoft Visual Studio Solution File, Format Version 12.00
# Visual Studio 14
VisualStudioVersion = 14.0.25123.0
MinimumVisualStudioVersion = 10.0.40219.1
Project("{FAE04EC0-301F-11D3-BF4B-00C04F79EFBC}") = "StockDbConnection", "StockDbWriter\StockDbConnection.csproj", "{D4CB737C-97DB-4EB8-A1AE-E6D2F150D393}"
EndProject
Project("{FAE04EC0-301F-11D3-BF4B-00C04F79EFBC}") = "DbAccess", "DbAccess\DbAccess.csproj", "{065F3C90-7718-4E87-BFFE-47A5CE0D2658}"
EndProject
Project("{FAE04EC0-301F-11D3-BF4B-00C04F79EFBC}") = "StockFrontEnd", "StockFrontEnd\StockFrontEnd.csproj", "{AF3B1600-75C8-445A-936B-7035CB3A2102}"
EndProject
Project("{FAE04EC0-301F-11D3-BF4B-00C04F79EFBC}") = "StockImport", "StockImport\StockImport.csproj", "{55DF3A0B-EFC1-45EB-AC82-2F7A54E7F9E2}"
EndProject
Project("{FAE04EC0-301F-11D3-BF4B-00C04F79EFBC}") = "StockTrendPredictor_old", "..\StockTrendPredictor\StockTrendPredictor\StockTrendPredictor_old.csproj", "{BE2DB833-0F65-40E5-A670-F5D486D3E900}"
EndProject
Project("{FAE04EC0-301F-11D3-BF4B-00C04F79EFBC}") = "StockTrendPredictor", "StockTrendPredictor\StockTrendPredictor.csproj", "{F29D908A-948B-474A-B599-38C1AA2268DB}"
EndProject
Global
	GlobalSection(SolutionConfigurationPlatforms) = preSolution
		Debug|Any CPU = Debug|Any CPU
		Debug|ARM = Debug|ARM
		Debug|x64 = Debug|x64
		Debug|x86 = Debug|x86
		Release|Any CPU = Release|Any CPU
		Release|ARM = Release|ARM
		Release|x64 = Release|x64
		Release|x86 = Release|x86
	EndGlobalSection
	GlobalSection(ProjectConfigurationPlatforms) = postSolution
		{D4CB737C-97DB-4EB8-A1AE-E6D2F150D393}.Debug|Any CPU.ActiveCfg = Debug|Any CPU
		{D4CB737C-97DB-4EB8-A1AE-E6D2F150D393}.Debug|Any CPU.Build.0 = Debug|Any CPU
		{D4CB737C-97DB-4EB8-A1AE-E6D2F150D393}.Debug|ARM.ActiveCfg = Debug|Any CPU
		{D4CB737C-97DB-4EB8-A1AE-E6D2F150D393}.Debug|ARM.Build.0 = Debug|Any CPU
		{D4CB737C-97DB-4EB8-A1AE-E6D2F150D393}.Debug|x64.ActiveCfg = Debug|Any CPU
		{D4CB737C-97DB-4EB8-A1AE-E6D2F150D393}.Debug|x64.Build.0 = Debug|Any CPU
		{D4CB737C-97DB-4EB8-A1AE-E6D2F150D393}.Debug|x86.ActiveCfg = Debug|Any CPU
		{D4CB737C-97DB-4EB8-A1AE-E6D2F150D393}.Debug|x86.Build.0 = Debug|Any CPU
		{D4CB737C-97DB-4EB8-A1AE-E6D2F150D393}.Release|Any CPU.ActiveCfg = Release|Any CPU
		{D4CB737C-97DB-4EB8-A1AE-E6D2F150D393}.Release|Any CPU.Build.0 = Release|Any CPU
		{D4CB737C-97DB-4EB8-A1AE-E6D2F150D393}.Release|ARM.ActiveCfg = Release|Any CPU
		{D4CB737C-97DB-4EB8-A1AE-E6D2F150D393}.Release|ARM.Build.0 = Release|Any CPU
		{D4CB737C-97DB-4EB8-A1AE-E6D2F150D393}.Release|x64.ActiveCfg = Release|Any CPU
		{D4CB737C-97DB-4EB8-A1AE-E6D2F150D393}.Release|x64.Build.0 = Release|Any CPU
		{D4CB737C-97DB-4EB8-A1AE-E6D2F150D393}.Release|x86.ActiveCfg = Release|Any CPU
		{D4CB737C-97DB-4EB8-A1AE-E6D2F150D393}.Release|x86.Build.0 = Release|Any CPU
		{065F3C90-7718-4E87-BFFE-47A5CE0D2658}.Debug|Any CPU.ActiveCfg = Debug|Any CPU
		{065F3C90-7718-4E87-BFFE-47A5CE0D2658}.Debug|Any CPU.Build.0 = Debug|Any CPU
		{065F3C90-7718-4E87-BFFE-47A5CE0D2658}.Debug|ARM.ActiveCfg = Debug|Any CPU
		{065F3C90-7718-4E87-BFFE-47A5CE0D2658}.Debug|ARM.Build.0 = Debug|Any CPU
		{065F3C90-7718-4E87-BFFE-47A5CE0D2658}.Debug|x64.ActiveCfg = Debug|Any CPU
		{065F3C90-7718-4E87-BFFE-47A5CE0D2658}.Debug|x64.Build.0 = Debug|Any CPU
		{065F3C90-7718-4E87-BFFE-47A5CE0D2658}.Debug|x86.ActiveCfg = Debug|Any CPU
		{065F3C90-7718-4E87-BFFE-47A5CE0D2658}.Debug|x86.Build.0 = Debug|Any CPU
		{065F3C90-7718-4E87-BFFE-47A5CE0D2658}.Release|Any CPU.ActiveCfg = Release|Any CPU
		{065F3C90-7718-4E87-BFFE-47A5CE0D2658}.Release|Any CPU.Build.0 = Release|Any CPU
		{065F3C90-7718-4E87-BFFE-47A5CE0D2658}.Release|ARM.ActiveCfg = Release|Any CPU
		{065F3C90-7718-4E87-BFFE-47A5CE0D2658}.Release|ARM.Build.0 = Release|Any CPU
		{065F3C90-7718-4E87-BFFE-47A5CE0D2658}.Release|x64.ActiveCfg = Release|Any CPU
		{065F3C90-7718-4E87-BFFE-47A5CE0D2658}.Release|x64.Build.0 = Release|Any CPU
		{065F3C90-7718-4E87-BFFE-47A5CE0D2658}.Release|x86.ActiveCfg = Release|Any CPU
		{065F3C90-7718-4E87-BFFE-47A5CE0D2658}.Release|x86.Build.0 = Release|Any CPU
		{AF3B1600-75C8-445A-936B-7035CB3A2102}.Debug|Any CPU.ActiveCfg = Debug|Any CPU
		{AF3B1600-75C8-445A-936B-7035CB3A2102}.Debug|Any CPU.Build.0 = Debug|Any CPU
		{AF3B1600-75C8-445A-936B-7035CB3A2102}.Debug|ARM.ActiveCfg = Debug|Any CPU
		{AF3B1600-75C8-445A-936B-7035CB3A2102}.Debug|ARM.Build.0 = Debug|Any CPU
		{AF3B1600-75C8-445A-936B-7035CB3A2102}.Debug|x64.ActiveCfg = Debug|Any CPU
		{AF3B1600-75C8-445A-936B-7035CB3A2102}.Debug|x64.Build.0 = Debug|Any CPU
		{AF3B1600-75C8-445A-936B-7035CB3A2102}.Debug|x86.ActiveCfg = Debug|Any CPU
		{AF3B1600-75C8-445A-936B-7035CB3A2102}.Debug|x86.Build.0 = Debug|Any CPU
		{AF3B1600-75C8-445A-936B-7035CB3A2102}.Release|Any CPU.ActiveCfg = Release|Any CPU
		{AF3B1600-75C8-445A-936B-7035CB3A2102}.Release|Any CPU.Build.0 = Release|Any CPU
		{AF3B1600-75C8-445A-936B-7035CB3A2102}.Release|ARM.ActiveCfg = Release|Any CPU
		{AF3B1600-75C8-445A-936B-7035CB3A2102}.Release|ARM.Build.0 = Release|Any CPU
		{AF3B1600-75C8-445A-936B-7035CB3A2102}.Release|x64.ActiveCfg = Release|Any CPU
		{AF3B1600-75C8-445A-936B-7035CB3A2102}.Release|x64.Build.0 = Release|Any CPU
		{AF3B1600-75C8-445A-936B-7035CB3A2102}.Release|x86.ActiveCfg = Release|Any CPU
		{AF3B1600-75C8-445A-936B-7035CB3A2102}.Release|x86.Build.0 = Release|Any CPU
		{55DF3A0B-EFC1-45EB-AC82-2F7A54E7F9E2}.Debug|Any CPU.ActiveCfg = Debug|Any CPU
		{55DF3A0B-EFC1-45EB-AC82-2F7A54E7F9E2}.Debug|Any CPU.Build.0 = Debug|Any CPU
		{55DF3A0B-EFC1-45EB-AC82-2F7A54E7F9E2}.Debug|ARM.ActiveCfg = Debug|Any CPU
		{55DF3A0B-EFC1-45EB-AC82-2F7A54E7F9E2}.Debug|ARM.Build.0 = Debug|Any CPU
		{55DF3A0B-EFC1-45EB-AC82-2F7A54E7F9E2}.Debug|x64.ActiveCfg = Debug|Any CPU
		{55DF3A0B-EFC1-45EB-AC82-2F7A54E7F9E2}.Debug|x64.Build.0 = Debug|Any CPU
		{55DF3A0B-EFC1-45EB-AC82-2F7A54E7F9E2}.Debug|x86.ActiveCfg = Debug|Any CPU
		{55DF3A0B-EFC1-45EB-AC82-2F7A54E7F9E2}.Debug|x86.Build.0 = Debug|Any CPU
		{55DF3A0B-EFC1-45EB-AC82-2F7A54E7F9E2}.Release|Any CPU.ActiveCfg = Release|Any CPU
		{55DF3A0B-EFC1-45EB-AC82-2F7A54E7F9E2}.Release|Any CPU.Build.0 = Release|Any CPU
		{55DF3A0B-EFC1-45EB-AC82-2F7A54E7F9E2}.Release|ARM.ActiveCfg = Release|Any CPU
		{55DF3A0B-EFC1-45EB-AC82-2F7A54E7F9E2}.Release|ARM.Build.0 = Release|Any CPU
		{55DF3A0B-EFC1-45EB-AC82-2F7A54E7F9E2}.Release|x64.ActiveCfg = Release|Any CPU
		{55DF3A0B-EFC1-45EB-AC82-2F7A54E7F9E2}.Release|x64.Build.0 = Release|Any CPU
		{55DF3A0B-EFC1-45EB-AC82-2F7A54E7F9E2}.Release|x86.ActiveCfg = Release|Any CPU
		{55DF3A0B-EFC1-45EB-AC82-2F7A54E7F9E2}.Release|x86.Build.0 = Release|Any CPU
		{BE2DB833-0F65-40E5-A670-F5D486D3E900}.Debug|Any CPU.ActiveCfg = Debug|Any CPU
		{BE2DB833-0F65-40E5-A670-F5D486D3E900}.Debug|Any CPU.Build.0 = Debug|Any CPU
		{BE2DB833-0F65-40E5-A670-F5D486D3E900}.Debug|ARM.ActiveCfg = Debug|Any CPU
		{BE2DB833-0F65-40E5-A670-F5D486D3E900}.Debug|ARM.Build.0 = Debug|Any CPU
		{BE2DB833-0F65-40E5-A670-F5D486D3E900}.Debug|x64.ActiveCfg = Debug|Any CPU
		{BE2DB833-0F65-40E5-A670-F5D486D3E900}.Debug|x64.Build.0 = Debug|Any CPU
		{BE2DB833-0F65-40E5-A670-F5D486D3E900}.Debug|x86.ActiveCfg = Debug|Any CPU
		{BE2DB833-0F65-40E5-A670-F5D486D3E900}.Debug|x86.Build.0 = Debug|Any CPU
		{BE2DB833-0F65-40E5-A670-F5D486D3E900}.Release|Any CPU.ActiveCfg = Release|Any CPU
		{BE2DB833-0F65-40E5-A670-F5D486D3E900}.Release|Any CPU.Build.0 = Release|Any CPU
		{BE2DB833-0F65-40E5-A670-F5D486D3E900}.Release|ARM.ActiveCfg = Release|Any CPU
		{BE2DB833-0F65-40E5-A670-F5D486D3E900}.Release|ARM.Build.0 = Release|Any CPU
		{BE2DB833-0F65-40E5-A670-F5D486D3E900}.Release|x64.ActiveCfg = Release|Any CPU
		{BE2DB833-0F65-40E5-A670-F5D486D3E900}.Release|x64.Build.0 = Release|Any CPU
		{BE2DB833-0F65-40E5-A670-F5D486D3E900}.Release|x86.ActiveCfg = Release|Any CPU
		{BE2DB833-0F65-40E5-A670-F5D486D3E900}.Release|x86.Build.0 = Release|Any CPU
		{F29D908A-948B-474A-B599-38C1AA2268DB}.Debug|Any CPU.ActiveCfg = Debug|Any CPU
		{F29D908A-948B-474A-B599-38C1AA2268DB}.Debug|Any CPU.Build.0 = Debug|Any CPU
		{F29D908A-948B-474A-B599-38C1AA2268DB}.Debug|ARM.ActiveCfg = Debug|Any CPU
		{F29D908A-948B-474A-B599-38C1AA2268DB}.Debug|ARM.Build.0 = Debug|Any CPU
		{F29D908A-948B-474A-B599-38C1AA2268DB}.Debug|x64.ActiveCfg = Debug|Any CPU
		{F29D908A-948B-474A-B599-38C1AA2268DB}.Debug|x64.Build.0 = Debug|Any CPU
		{F29D908A-948B-474A-B599-38C1AA2268DB}.Debug|x86.ActiveCfg = Debug|Any CPU
		{F29D908A-948B-474A-B599-38C1AA2268DB}.Debug|x86.Build.0 = Debug|Any CPU
		{F29D908A-948B-474A-B599-38C1AA2268DB}.Release|Any CPU.ActiveCfg = Release|Any CPU
		{F29D908A-948B-474A-B599-38C1AA2268DB}.Release|Any CPU.Build.0 = Release|Any CPU
		{F29D908A-948B-474A-B599-38C1AA2268DB}.Release|ARM.ActiveCfg = Release|Any CPU
		{F29D908A-948B-474A-B599-38C1AA2268DB}.Release|ARM.Build.0 = Release|Any CPU
		{F29D908A-948B-474A-B599-38C1AA2268DB}.Release|x64.ActiveCfg = Release|Any CPU
		{F29D908A-948B-474A-B599-38C1AA2268DB}.Release|x64.Build.0 = Release|Any CPU
		{F29D908A-948B-474A-B599-38C1AA2268DB}.Release|x86.ActiveCfg = Release|Any CPU
		{F29D908A-948B-474A-B599-38C1AA2268DB}.Release|x86.Build.0 = Release|Any CPU
	EndGlobalSection
	GlobalSection(SolutionProperties) = preSolution
		HideSolutionNode = FALSE
	EndGlobalSection
EndGlobal
